{
    "name": "node-red-project",
    "version": "0.0.1",
    "lockfileVersion": 1,
    "requires": true,
    "dependencies": {
        "node-red-contrib-fs": {
            "version": "1.4.1",
            "resolved": "https://registry.npmjs.org/node-red-contrib-fs/-/node-red-contrib-fs-1.4.1.tgz",
            "integrity": "sha512-KZ/YMq1sZLZuuHDveULJh0XhPBZuGeFaVqjtkTkzPJmhxnqEcXZmSJrZxQmTCELc05qRs8a+nS4FRGcSE2usaQ==",
            "requires": {
                "readdirp": "3.6.0"
            }
        },
        "node-red-contrib-fs-ops": {
            "version": "1.6.0",
            "resolved": "https://registry.npmjs.org/node-red-contrib-fs-ops/-/node-red-contrib-fs-ops-1.6.0.tgz",
            "integrity": "sha512-4JeCmYdH9LtGs3ez+GW9y/lPxGDkJfbtdT+Bdf6mMYqLzEYnJffydF3xIYZ0ETXqNGerNaH5aFq8+Zc8POJxGw=="
        },
        "node-red-contrib-loop": {
            "version": "1.0.1",
            "resolved": "https://registry.npmjs.org/node-red-contrib-loop/-/node-red-contrib-loop-1.0.1.tgz",
            "integrity": "sha512-pnfBTqY213ZF3QME02NsJqKmY70kOOFjCEpCDtKiPYOi3U0b9saq2C24xiuePYS6Oqy9K6zXn+fdAV4xM6VJkw=="
        },
        "node-red-contrib-startup-trigger": {
            "version": "0.1.0",
            "resolved": "https://registry.npmjs.org/node-red-contrib-startup-trigger/-/node-red-contrib-startup-trigger-0.1.0.tgz",
            "integrity": "sha512-2gcTf98ge5GuL3NBKTzNA8dw6e9EVfLDCRQegvOCg8ABwznDMc0h+JFkjprDYlXsFdkRoUmiTnnCsObusXHizw=="
        },
        "picomatch": {
            "version": "2.3.1",
            "resolved": "https://registry.npmjs.org/picomatch/-/picomatch-2.3.1.tgz",
            "integrity": "sha512-JU3teHTNjmE2VCGFzuY8EXzCDVwEqB2a8fsIvwaStHhAWJEeVd1o1QD80CU6+ZdEXXSLbSsuLwJjkCBWqRQUVA=="
        },
        "readdirp": {
            "version": "3.6.0",
            "resolved": "https://registry.npmjs.org/readdirp/-/readdirp-3.6.0.tgz",
            "integrity": "sha512-hOS089on8RduqdbhvQ5Z37A0ESjsqz6qnRcffsMU3495FuTdqSm+7bhJ29JvIOsBDEEnan5DPu9t3To9VRlMzA==",
            "requires": {
                "picomatch": "2.3.1"
            }
        }
    }
}
